// !$*UTF8*$!
{
	archiveVersion = 1;
	classes = {
	};
	objectVersion = 46;
	objects = {

/* Begin PBXBuildFile section */
		D0A42F5D1B904227001A5A61 /* XSTurntableController.m in Sources */ = {isa = PBXBuildFile; fileRef = D0A42F5C1B904227001A5A61 /* XSTurntableController.m */; };
		D0A42F601B90423D001A5A61 /* XSTurntableView.m in Sources */ = {isa = PBXBuildFile; fileRef = D0A42F5F1B90423D001A5A61 /* XSTurntableView.m */; };
		D0A42F9B1B904297001A5A61 /* bg_cell_imageview.png in Resources */ = {isa = PBXBuildFile; fileRef = D0A42F621B904297001A5A61 /* bg_cell_imageview.png */; };
		D0A42F9C1B904297001A5A61 /* bg_cell_imageview@2x.png in Resources */ = {isa = PBXBuildFile; fileRef = D0A42F631B904297001A5A61 /* bg_cell_imageview@2x.png */; };
		D0A42F9D1B904297001A5A61 /* bg_center.png in Resources */ = {isa = PBXBuildFile; fileRef = D0A42F641B904297001A5A61 /* bg_center.png */; };
		D0A42F9E1B904297001A5A61 /* bg_center@2x.png in Resources */ = {isa = PBXBuildFile; fileRef = D0A42F651B904297001A5A61 /* bg_center@2x.png */; };
		D0A42F9F1B904297001A5A61 /* bg_circle.png in Resources */ = {isa = PBXBuildFile; fileRef = D0A42F661B904297001A5A61 /* bg_circle.png */; };
		D0A42FA01B904297001A5A61 /* bg_circle@2x.png in Resources */ = {isa = PBXBuildFile; fileRef = D0A42F671B904297001A5A61 /* bg_circle@2x.png */; };
		D0A42FA11B904297001A5A61 /* bg_point.png in Resources */ = {isa = PBXBuildFile; fileRef = D0A42F681B904297001A5A61 /* bg_point.png */; };
		D0A42FA21B904297001A5A61 /* bg_point@2x.png in Resources */ = {isa = PBXBuildFile; fileRef = D0A42F691B904297001A5A61 /* bg_point@2x.png */; };
		D0A42FA31B904297001A5A61 /* bt_1.png in Resources */ = {isa = PBXBuildFile; fileRef = D0A42F6A1B904297001A5A61 /* bt_1.png */; };
		D0A42FA41B904297001A5A61 /* bt_10.png in Resources */ = {isa = PBXBuildFile; fileRef = D0A42F6B1B904297001A5A61 /* bt_10.png */; };
		D0A42FA51B904297001A5A61 /* bt_10@2x.png in Resources */ = {isa = PBXBuildFile; fileRef = D0A42F6C1B904297001A5A61 /* bt_10@2x.png */; };
		D0A42FA61B904297001A5A61 /* bt_11.png in Resources */ = {isa = PBXBuildFile; fileRef = D0A42F6D1B904297001A5A61 /* bt_11.png */; };
		D0A42FA71B904297001A5A61 /* bt_11@2x.png in Resources */ = {isa = PBXBuildFile; fileRef = D0A42F6E1B904297001A5A61 /* bt_11@2x.png */; };
		D0A42FA81B904297001A5A61 /* bt_12.png in Resources */ = {isa = PBXBuildFile; fileRef = D0A42F6F1B904297001A5A61 /* bt_12.png */; };
		D0A42FA91B904297001A5A61 /* bt_12@2x.png in Resources */ = {isa = PBXBuildFile; fileRef = D0A42F701B904297001A5A61 /* bt_12@2x.png */; };
		D0A42FAA1B904297001A5A61 /* bt_1@2x.png in Resources */ = {isa = PBXBuildFile; fileRef = D0A42F711B904297001A5A61 /* bt_1@2x.png */; };
		D0A42FAB1B904297001A5A61 /* bt_2.png in Resources */ = {isa = PBXBuildFile; fileRef = D0A42F721B904297001A5A61 /* bt_2.png */; };
		D0A42FAC1B904297001A5A61 /* bt_2@2x.png in Resources */ = {isa = PBXBuildFile; fileRef = D0A42F731B904297001A5A61 /* bt_2@2x.png */; };
		D0A42FAD1B904297001A5A61 /* bt_3.png in Resources */ = {isa = PBXBuildFile; fileRef = D0A42F741B904297001A5A61 /* bt_3.png */; };
		D0A42FAE1B904297001A5A61 /* bt_3@2x.png in Resources */ = {isa = PBXBuildFile; fileRef = D0A42F751B904297001A5A61 /* bt_3@2x.png */; };
		D0A42FAF1B904297001A5A61 /* bt_4.png in Resources */ = {isa = PBXBuildFile; fileRef = D0A42F761B904297001A5A61 /* bt_4.png */; };
		D0A42FB01B904297001A5A61 /* bt_4@2x.png in Resources */ = {isa = PBXBuildFile; fileRef = D0A42F771B904297001A5A61 /* bt_4@2x.png */; };
		D0A42FB11B904297001A5A61 /* bt_5.png in Resources */ = {isa = PBXBuildFile; fileRef = D0A42F781B904297001A5A61 /* bt_5.png */; };
		D0A42FB21B904297001A5A61 /* bt_5@2x.png in Resources */ = {isa = PBXBuildFile; fileRef = D0A42F791B904297001A5A61 /* bt_5@2x.png */; };
		D0A42FB31B904297001A5A61 /* bt_6.png in Resources */ = {isa = PBXBuildFile; fileRef = D0A42F7A1B904297001A5A61 /* bt_6.png */; };
		D0A42FB41B904297001A5A61 /* bt_6@2x.png in Resources */ = {isa = PBXBuildFile; fileRef = D0A42F7B1B904297001A5A61 /* bt_6@2x.png */; };
		D0A42FB51B904297001A5A61 /* bt_7.png in Resources */ = {isa = PBXBuildFile; fileRef = D0A42F7C1B904297001A5A61 /* bt_7.png */; };
		D0A42FB61B904297001A5A61 /* bt_7@2x.png in Resources */ = {isa = PBXBuildFile; fileRef = D0A42F7D1B904297001A5A61 /* bt_7@2x.png */; };
		D0A42FB71B904297001A5A61 /* bt_8.png in Resources */ = {isa = PBXBuildFile; fileRef = D0A42F7E1B904297001A5A61 /* bt_8.png */; };
		D0A42FB81B904297001A5A61 /* bt_8@2x.png in Resources */ = {isa = PBXBuildFile; fileRef = D0A42F7F1B904297001A5A61 /* bt_8@2x.png */; };
		D0A42FB91B904297001A5A61 /* bt_9.png in Resources */ = {isa = PBXBuildFile; fileRef = D0A42F801B904297001A5A61 /* bt_9.png */; };
		D0A42FBA1B904297001A5A61 /* bt_9@2x.png in Resources */ = {isa = PBXBuildFile; fileRef = D0A42F811B904297001A5A61 /* bt_9@2x.png */; };
		D0A42FBB1B904297001A5A61 /* bt_selected_1.png in Resources */ = {isa = PBXBuildFile; fileRef = D0A42F821B904297001A5A61 /* bt_selected_1.png */; };
		D0A42FBC1B904297001A5A61 /* bt_selected_10.png in Resources */ = {isa = PBXBuildFile; fileRef = D0A42F831B904297001A5A61 /* bt_selected_10.png */; };
		D0A42FBD1B904297001A5A61 /* bt_selected_10@2x.png in Resources */ = {isa = PBXBuildFile; fileRef = D0A42F841B904297001A5A61 /* bt_selected_10@2x.png */; };
		D0A42FBE1B904297001A5A61 /* bt_selected_11.png in Resources */ = {isa = PBXBuildFile; fileRef = D0A42F851B904297001A5A61 /* bt_selected_11.png */; };
		D0A42FBF1B904297001A5A61 /* bt_selected_11@2x.png in Resources */ = {isa = PBXBuildFile; fileRef = D0A42F861B904297001A5A61 /* bt_selected_11@2x.png */; };
		D0A42FC01B904297001A5A61 /* bt_selected_12.png in Resources */ = {isa = PBXBuildFile; fileRef = D0A42F871B904297001A5A61 /* bt_selected_12.png */; };
		D0A42FC11B904297001A5A61 /* bt_selected_12@2x.png in Resources */ = {isa = PBXBuildFile; fileRef = D0A42F881B904297001A5A61 /* bt_selected_12@2x.png */; };
		D0A42FC21B904297001A5A61 /* bt_selected_1@2x.png in Resources */ = {isa = PBXBuildFile; fileRef = D0A42F891B904297001A5A61 /* bt_selected_1@2x.png */; };
		D0A42FC31B904297001A5A61 /* bt_selected_2.png in Resources */ = {isa = PBXBuildFile; fileRef = D0A42F8A1B904297001A5A61 /* bt_selected_2.png */; };
		D0A42FC41B904297001A5A61 /* bt_selected_2@2x.png in Resources */ = {isa = PBXBuildFile; fileRef = D0A42F8B1B904297001A5A61 /* bt_selected_2@2x.png */; };
		D0A42FC51B904297001A5A61 /* bt_selected_3.png in Resources */ = {isa = PBXBuildFile; fileRef = D0A42F8C1B904297001A5A61 /* bt_selected_3.png */; };
		D0A42FC61B904297001A5A61 /* bt_selected_3@2x.png in Resources */ = {isa = PBXBuildFile; fileRef = D0A42F8D1B904297001A5A61 /* bt_selected_3@2x.png */; };
		D0A42FC71B904297001A5A61 /* bt_selected_4.png in Resources */ = {isa = PBXBuildFile; fileRef = D0A42F8E1B904297001A5A61 /* bt_selected_4.png */; };
		D0A42FC81B904297001A5A61 /* bt_selected_4@2x.png in Resources */ = {isa = PBXBuildFile; fileRef = D0A42F8F1B904297001A5A61 /* bt_selected_4@2x.png */; };
		D0A42FC91B904297001A5A61 /* bt_selected_5.png in Resources */ = {isa = PBXBuildFile; fileRef = D0A42F901B904297001A5A61 /* bt_selected_5.png */; };
		D0A42FCA1B904297001A5A61 /* bt_selected_5@2x.png in Resources */ = {isa = PBXBuildFile; fileRef = D0A42F911B904297001A5A61 /* bt_selected_5@2x.png */; };
		D0A42FCB1B904297001A5A61 /* bt_selected_6.png in Resources */ = {isa = PBXBuildFile; fileRef = D0A42F921B904297001A5A61 /* bt_selected_6.png */; };
		D0A42FCC1B904297001A5A61 /* bt_selected_6@2x.png in Resources */ = {isa = PBXBuildFile; fileRef = D0A42F931B904297001A5A61 /* bt_selected_6@2x.png */; };
		D0A42FCD1B904297001A5A61 /* bt_selected_7.png in Resources */ = {isa = PBXBuildFile; fileRef = D0A42F941B904297001A5A61 /* bt_selected_7.png */; };
		D0A42FCE1B904297001A5A61 /* bt_selected_7@2x.png in Resources */ = {isa = PBXBuildFile; fileRef = D0A42F951B904297001A5A61 /* bt_selected_7@2x.png */; };
		D0A42FCF1B904297001A5A61 /* bt_selected_8.png in Resources */ = {isa = PBXBuildFile; fileRef = D0A42F961B904297001A5A61 /* bt_selected_8.png */; };
		D0A42FD01B904297001A5A61 /* bt_selected_8@2x.png in Resources */ = {isa = PBXBuildFile; fileRef = D0A42F971B904297001A5A61 /* bt_selected_8@2x.png */; };
		D0A42FD11B904297001A5A61 /* bt_selected_9.png in Resources */ = {isa = PBXBuildFile; fileRef = D0A42F981B904297001A5A61 /* bt_selected_9.png */; };
		D0A42FD21B904297001A5A61 /* bt_selected_9@2x.png in Resources */ = {isa = PBXBuildFile; fileRef = D0A42F991B904297001A5A61 /* bt_selected_9@2x.png */; };
		D0A42FD31B904297001A5A61 /* Tink.wav in Resources */ = {isa = PBXBuildFile; fileRef = D0A42F9A1B904297001A5A61 /* Tink.wav */; };
		D0A42FD61B9042C0001A5A61 /* XSPlayAudio.m in Sources */ = {isa = PBXBuildFile; fileRef = D0A42FD51B9042C0001A5A61 /* XSPlayAudio.m */; };
		D0AE7BC31B85722C009E874D /* ScaleFlowLayout.m in Sources */ = {isa = PBXBuildFile; fileRef = D0AE7BC21B85722C009E874D /* ScaleFlowLayout.m */; };
		D0AE7BC61B857372009E874D /* CollectionScaleViewController.m in Sources */ = {isa = PBXBuildFile; fileRef = D0AE7BC51B857372009E874D /* CollectionScaleViewController.m */; };
		D0AE7BCD1B85761E009E874D /* 0.png in Resources */ = {isa = PBXBuildFile; fileRef = D0AE7BC81B85761E009E874D /* 0.png */; };
		D0AE7BCE1B85761E009E874D /* 1.png in Resources */ = {isa = PBXBuildFile; fileRef = D0AE7BC91B85761E009E874D /* 1.png */; };
		D0AE7BCF1B85761E009E874D /* 2.png in Resources */ = {isa = PBXBuildFile; fileRef = D0AE7BCA1B85761E009E874D /* 2.png */; };
		D0AE7BD01B85761E009E874D /* 3.png in Resources */ = {isa = PBXBuildFile; fileRef = D0AE7BCB1B85761E009E874D /* 3.png */; };
		D0AE7BD11B85761E009E874D /* 4.png in Resources */ = {isa = PBXBuildFile; fileRef = D0AE7BCC1B85761E009E874D /* 4.png */; };
		D0AE7BD41B8577D9009E874D /* ScaleCollectionViewCell.m in Sources */ = {isa = PBXBuildFile; fileRef = D0AE7BD31B8577D9009E874D /* ScaleCollectionViewCell.m */; };
		D0C1422A1B745D9B00CE998E /* main.m in Sources */ = {isa = PBXBuildFile; fileRef = D0C142291B745D9B00CE998E /* main.m */; };
		D0C1422D1B745D9B00CE998E /* AppDelegate.m in Sources */ = {isa = PBXBuildFile; fileRef = D0C1422C1B745D9B00CE998E /* AppDelegate.m */; };
		D0C142301B745D9B00CE998E /* ViewController.m in Sources */ = {isa = PBXBuildFile; fileRef = D0C1422F1B745D9B00CE998E /* ViewController.m */; };
		D0C142331B745D9B00CE998E /* Main.storyboard in Resources */ = {isa = PBXBuildFile; fileRef = D0C142311B745D9B00CE998E /* Main.storyboard */; };
		D0C142351B745D9B00CE998E /* Images.xcassets in Resources */ = {isa = PBXBuildFile; fileRef = D0C142341B745D9B00CE998E /* Images.xcassets */; };
		D0C142381B745D9B00CE998E /* LaunchScreen.xib in Resources */ = {isa = PBXBuildFile; fileRef = D0C142361B745D9B00CE998E /* LaunchScreen.xib */; };
		D0C142441B745D9B00CE998E /* PulsingRadarViewTests.m in Sources */ = {isa = PBXBuildFile; fileRef = D0C142431B745D9B00CE998E /* PulsingRadarViewTests.m */; };
		D0C1424F1B745DC400CE998E /* PulsingRadarView.m in Sources */ = {isa = PBXBuildFile; fileRef = D0C1424E1B745DC400CE998E /* PulsingRadarView.m */; };
		D0C56CDF1B74924100140CE6 /* TableViewController.m in Sources */ = {isa = PBXBuildFile; fileRef = D0C56CDE1B74924100140CE6 /* TableViewController.m */; };
		D0C56CE21B74951200140CE6 /* StickyHeaderView.m in Sources */ = {isa = PBXBuildFile; fileRef = D0C56CE11B74951200140CE6 /* StickyHeaderView.m */; };
		D0C56CE51B749BD500140CE6 /* StretchableViewController.m in Sources */ = {isa = PBXBuildFile; fileRef = D0C56CE41B749BD500140CE6 /* StretchableViewController.m */; };
		D0C56CE81B749FA400140CE6 /* CollectionViewController.m in Sources */ = {isa = PBXBuildFile; fileRef = D0C56CE71B749FA400140CE6 /* CollectionViewController.m */; };
		D0C56CEB1B74A0A700140CE6 /* SampleCell.m in Sources */ = {isa = PBXBuildFile; fileRef = D0C56CEA1B74A0A700140CE6 /* SampleCell.m */; };
		D0C56CEE1B74A16900140CE6 /* FlowLayout.m in Sources */ = {isa = PBXBuildFile; fileRef = D0C56CED1B74A16900140CE6 /* FlowLayout.m */; };
/* End PBXBuildFile section */

/* Begin PBXContainerItemProxy section */
		D0C1423E1B745D9B00CE998E /* PBXContainerItemProxy */ = {
			isa = PBXContainerItemProxy;
			containerPortal = D0C1421C1B745D9B00CE998E /* Project object */;
			proxyType = 1;
			remoteGlobalIDString = D0C142231B745D9B00CE998E;
			remoteInfo = PulsingRadarView;
		};
/* End PBXContainerItemProxy section */

/* Begin PBXFileReference section */
		D0A42F5B1B904227001A5A61 /* XSTurntableController.h */ = {isa = PBXFileReference; fileEncoding = 4; lastKnownFileType = sourcecode.c.h; path = XSTurntableController.h; sourceTree = "<group>"; };
		D0A42F5C1B904227001A5A61 /* XSTurntableController.m */ = {isa = PBXFileReference; fileEncoding = 4; lastKnownFileType = sourcecode.c.objc; path = XSTurntableController.m; sourceTree = "<group>"; };
		D0A42F5E1B90423D001A5A61 /* XSTurntableView.h */ = {isa = PBXFileReference; fileEncoding = 4; lastKnownFileType = sourcecode.c.h; path = XSTurntableView.h; sourceTree = "<group>"; };
		D0A42F5F1B90423D001A5A61 /* XSTurntableView.m */ = {isa = PBXFileReference; fileEncoding = 4; lastKnownFileType = sourcecode.c.objc; path = XSTurntableView.m; sourceTree = "<group>"; };
		D0A42F621B904297001A5A61 /* bg_cell_imageview.png */ = {isa = PBXFileReference; lastKnownFileType = image.png; path = bg_cell_imageview.png; sourceTree = "<group>"; };
		D0A42F631B904297001A5A61 /* bg_cell_imageview@2x.png */ = {isa = PBXFileReference; lastKnownFileType = image.png; path = "bg_cell_imageview@2x.png"; sourceTree = "<group>"; };
		D0A42F641B904297001A5A61 /* bg_center.png */ = {isa = PBXFileReference; lastKnownFileType = image.png; path = bg_center.png; sourceTree = "<group>"; };
		D0A42F651B904297001A5A61 /* bg_center@2x.png */ = {isa = PBXFileReference; lastKnownFileType = image.png; path = "bg_center@2x.png"; sourceTree = "<group>"; };
		D0A42F661B904297001A5A61 /* bg_circle.png */ = {isa = PBXFileReference; lastKnownFileType = image.png; path = bg_circle.png; sourceTree = "<group>"; };
		D0A42F671B904297001A5A61 /* bg_circle@2x.png */ = {isa = PBXFileReference; lastKnownFileType = image.png; path = "bg_circle@2x.png"; sourceTree = "<group>"; };
		D0A42F681B904297001A5A61 /* bg_point.png */ = {isa = PBXFileReference; lastKnownFileType = image.png; path = bg_point.png; sourceTree = "<group>"; };
		D0A42F691B904297001A5A61 /* bg_point@2x.png */ = {isa = PBXFileReference; lastKnownFileType = image.png; path = "bg_point@2x.png"; sourceTree = "<group>"; };
		D0A42F6A1B904297001A5A61 /* bt_1.png */ = {isa = PBXFileReference; lastKnownFileType = image.png; path = bt_1.png; sourceTree = "<group>"; };
		D0A42F6B1B904297001A5A61 /* bt_10.png */ = {isa = PBXFileReference; lastKnownFileType = image.png; path = bt_10.png; sourceTree = "<group>"; };
		D0A42F6C1B904297001A5A61 /* bt_10@2x.png */ = {isa = PBXFileReference; lastKnownFileType = image.png; path = "bt_10@2x.png"; sourceTree = "<group>"; };
		D0A42F6D1B904297001A5A61 /* bt_11.png */ = {isa = PBXFileReference; lastKnownFileType = image.png; path = bt_11.png; sourceTree = "<group>"; };
		D0A42F6E1B904297001A5A61 /* bt_11@2x.png */ = {isa = PBXFileReference; lastKnownFileType = image.png; path = "bt_11@2x.png"; sourceTree = "<group>"; };
		D0A42F6F1B904297001A5A61 /* bt_12.png */ = {isa = PBXFileReference; lastKnownFileType = image.png; path = bt_12.png; sourceTree = "<group>"; };
		D0A42F701B904297001A5A61 /* bt_12@2x.png */ = {isa = PBXFileReference; lastKnownFileType = image.png; path = "bt_12@2x.png"; sourceTree = "<group>"; };
		D0A42F711B904297001A5A61 /* bt_1@2x.png */ = {isa = PBXFileReference; lastKnownFileType = image.png; path = "bt_1@2x.png"; sourceTree = "<group>"; };
		D0A42F721B904297001A5A61 /* bt_2.png */ = {isa = PBXFileReference; lastKnownFileType = image.png; path = bt_2.png; sourceTree = "<group>"; };
		D0A42F731B904297001A5A61 /* bt_2@2x.png */ = {isa = PBXFileReference; lastKnownFileType = image.png; path = "bt_2@2x.png"; sourceTree = "<group>"; };
		D0A42F741B904297001A5A61 /* bt_3.png */ = {isa = PBXFileReference; lastKnownFileType = image.png; path = bt_3.png; sourceTree = "<group>"; };
		D0A42F751B904297001A5A61 /* bt_3@2x.png */ = {isa = PBXFileReference; lastKnownFileType = image.png; path = "bt_3@2x.png"; sourceTree = "<group>"; };
		D0A42F761B904297001A5A61 /* bt_4.png */ = {isa = PBXFileReference; lastKnownFileType = image.png; path = bt_4.png; sourceTree = "<group>"; };
		D0A42F771B904297001A5A61 /* bt_4@2x.png */ = {isa = PBXFileReference; lastKnownFileType = image.png; path = "bt_4@2x.png"; sourceTree = "<group>"; };
		D0A42F781B904297001A5A61 /* bt_5.png */ = {isa = PBXFileReference; lastKnownFileType = image.png; path = bt_5.png; sourceTree = "<group>"; };
		D0A42F791B904297001A5A61 /* bt_5@2x.png */ = {isa = PBXFileReference; lastKnownFileType = image.png; path = "bt_5@2x.png"; sourceTree = "<group>"; };
		D0A42F7A1B904297001A5A61 /* bt_6.png */ = {isa = PBXFileReference; lastKnownFileType = image.png; path = bt_6.png; sourceTree = "<group>"; };
		D0A42F7B1B904297001A5A61 /* bt_6@2x.png */ = {isa = PBXFileReference; lastKnownFileType = image.png; path = "bt_6@2x.png"; sourceTree = "<group>"; };
		D0A42F7C1B904297001A5A61 /* bt_7.png */ = {isa = PBXFileReference; lastKnownFileType = image.png; path = bt_7.png; sourceTree = "<group>"; };
		D0A42F7D1B904297001A5A61 /* bt_7@2x.png */ = {isa = PBXFileReference; lastKnownFileType = image.png; path = "bt_7@2x.png"; sourceTree = "<group>"; };
		D0A42F7E1B904297001A5A61 /* bt_8.png */ = {isa = PBXFileReference; lastKnownFileType = image.png; path = bt_8.png; sourceTree = "<group>"; };
		D0A42F7F1B904297001A5A61 /* bt_8@2x.png */ = {isa = PBXFileReference; lastKnownFileType = image.png; path = "bt_8@2x.png"; sourceTree = "<group>"; };
		D0A42F801B904297001A5A61 /* bt_9.png */ = {isa = PBXFileReference; lastKnownFileType = image.png; path = bt_9.png; sourceTree = "<group>"; };
		D0A42F811B904297001A5A61 /* bt_9@2x.png */ = {isa = PBXFileReference; lastKnownFileType = image.png; path = "bt_9@2x.png"; sourceTree = "<group>"; };
		D0A42F821B904297001A5A61 /* bt_selected_1.png */ = {isa = PBXFileReference; lastKnownFileType = image.png; path = bt_selected_1.png; sourceTree = "<group>"; };
		D0A42F831B904297001A5A61 /* bt_selected_10.png */ = {isa = PBXFileReference; lastKnownFileType = image.png; path = bt_selected_10.png; sourceTree = "<group>"; };
		D0A42F841B904297001A5A61 /* bt_selected_10@2x.png */ = {isa = PBXFileReference; lastKnownFileType = image.png; path = "bt_selected_10@2x.png"; sourceTree = "<group>"; };
		D0A42F851B904297001A5A61 /* bt_selected_11.png */ = {isa = PBXFileReference; lastKnownFileType = image.png; path = bt_selected_11.png; sourceTree = "<group>"; };
		D0A42F861B904297001A5A61 /* bt_selected_11@2x.png */ = {isa = PBXFileReference; lastKnownFileType = image.png; path = "bt_selected_11@2x.png"; sourceTree = "<group>"; };
		D0A42F871B904297001A5A61 /* bt_selected_12.png */ = {isa = PBXFileReference; lastKnownFileType = image.png; path = bt_selected_12.png; sourceTree = "<group>"; };
		D0A42F881B904297001A5A61 /* bt_selected_12@2x.png */ = {isa = PBXFileReference; lastKnownFileType = image.png; path = "bt_selected_12@2x.png"; sourceTree = "<group>"; };
		D0A42F891B904297001A5A61 /* bt_selected_1@2x.png */ = {isa = PBXFileReference; lastKnownFileType = image.png; path = "bt_selected_1@2x.png"; sourceTree = "<group>"; };
		D0A42F8A1B904297001A5A61 /* bt_selected_2.png */ = {isa = PBXFileReference; lastKnownFileType = image.png; path = bt_selected_2.png; sourceTree = "<group>"; };
		D0A42F8B1B904297001A5A61 /* bt_selected_2@2x.png */ = {isa = PBXFileReference; lastKnownFileType = image.png; path = "bt_selected_2@2x.png"; sourceTree = "<group>"; };
		D0A42F8C1B904297001A5A61 /* bt_selected_3.png */ = {isa = PBXFileReference; lastKnownFileType = image.png; path = bt_selected_3.png; sourceTree = "<group>"; };
		D0A42F8D1B904297001A5A61 /* bt_selected_3@2x.png */ = {isa = PBXFileReference; lastKnownFileType = image.png; path = "bt_selected_3@2x.png"; sourceTree = "<group>"; };
		D0A42F8E1B904297001A5A61 /* bt_selected_4.png */ = {isa = PBXFileReference; lastKnownFileType = image.png; path = bt_selected_4.png; sourceTree = "<group>"; };
		D0A42F8F1B904297001A5A61 /* bt_selected_4@2x.png */ = {isa = PBXFileReference; lastKnownFileType = image.png; path = "bt_selected_4@2x.png"; sourceTree = "<group>"; };
		D0A42F901B904297001A5A61 /* bt_selected_5.png */ = {isa = PBXFileReference; lastKnownFileType = image.png; path = bt_selected_5.png; sourceTree = "<group>"; };
		D0A42F911B904297001A5A61 /* bt_selected_5@2x.png */ = {isa = PBXFileReference; lastKnownFileType = image.png; path = "bt_selected_5@2x.png"; sourceTree = "<group>"; };
		D0A42F921B904297001A5A61 /* bt_selected_6.png */ = {isa = PBXFileReference; lastKnownFileType = image.png; path = bt_selected_6.png; sourceTree = "<group>"; };
		D0A42F931B904297001A5A61 /* bt_selected_6@2x.png */ = {isa = PBXFileReference; lastKnownFileType = image.png; path = "bt_selected_6@2x.png"; sourceTree = "<group>"; };
		D0A42F941B904297001A5A61 /* bt_selected_7.png */ = {isa = PBXFileReference; lastKnownFileType = image.png; path = bt_selected_7.png; sourceTree = "<group>"; };
		D0A42F951B904297001A5A61 /* bt_selected_7@2x.png */ = {isa = PBXFileReference; lastKnownFileType = image.png; path = "bt_selected_7@2x.png"; sourceTree = "<group>"; };
		D0A42F961B904297001A5A61 /* bt_selected_8.png */ = {isa = PBXFileReference; lastKnownFileType = image.png; path = bt_selected_8.png; sourceTree = "<group>"; };
		D0A42F971B904297001A5A61 /* bt_selected_8@2x.png */ = {isa = PBXFileReference; lastKnownFileType = image.png; path = "bt_selected_8@2x.png"; sourceTree = "<group>"; };
		D0A42F981B904297001A5A61 /* bt_selected_9.png */ = {isa = PBXFileReference; lastKnownFileType = image.png; path = bt_selected_9.png; sourceTree = "<group>"; };
		D0A42F991B904297001A5A61 /* bt_selected_9@2x.png */ = {isa = PBXFileReference; lastKnownFileType = image.png; path = "bt_selected_9@2x.png"; sourceTree = "<group>"; };
		D0A42F9A1B904297001A5A61 /* Tink.wav */ = {isa = PBXFileReference; lastKnownFileType = audio.wav; path = Tink.wav; sourceTree = "<group>"; };
		D0A42FD41B9042C0001A5A61 /* XSPlayAudio.h */ = {isa = PBXFileReference; fileEncoding = 4; lastKnownFileType = sourcecode.c.h; path = XSPlayAudio.h; sourceTree = "<group>"; };
		D0A42FD51B9042C0001A5A61 /* XSPlayAudio.m */ = {isa = PBXFileReference; fileEncoding = 4; lastKnownFileType = sourcecode.c.objc; path = XSPlayAudio.m; sourceTree = "<group>"; };
		D0AE7BC11B85722C009E874D /* ScaleFlowLayout.h */ = {isa = PBXFileReference; fileEncoding = 4; lastKnownFileType = sourcecode.c.h; path = ScaleFlowLayout.h; sourceTree = "<group>"; };
		D0AE7BC21B85722C009E874D /* ScaleFlowLayout.m */ = {isa = PBXFileReference; fileEncoding = 4; lastKnownFileType = sourcecode.c.objc; path = ScaleFlowLayout.m; sourceTree = "<group>"; };
		D0AE7BC41B857372009E874D /* CollectionScaleViewController.h */ = {isa = PBXFileReference; fileEncoding = 4; lastKnownFileType = sourcecode.c.h; path = CollectionScaleViewController.h; sourceTree = "<group>"; };
		D0AE7BC51B857372009E874D /* CollectionScaleViewController.m */ = {isa = PBXFileReference; fileEncoding = 4; lastKnownFileType = sourcecode.c.objc; path = CollectionScaleViewController.m; sourceTree = "<group>"; };
		D0AE7BC81B85761E009E874D /* 0.png */ = {isa = PBXFileReference; lastKnownFileType = image.png; path = 0.png; sourceTree = "<group>"; };
		D0AE7BC91B85761E009E874D /* 1.png */ = {isa = PBXFileReference; lastKnownFileType = image.png; path = 1.png; sourceTree = "<group>"; };
		D0AE7BCA1B85761E009E874D /* 2.png */ = {isa = PBXFileReference; lastKnownFileType = image.png; path = 2.png; sourceTree = "<group>"; };
		D0AE7BCB1B85761E009E874D /* 3.png */ = {isa = PBXFileReference; lastKnownFileType = image.png; path = 3.png; sourceTree = "<group>"; };
		D0AE7BCC1B85761E009E874D /* 4.png */ = {isa = PBXFileReference; lastKnownFileType = image.png; path = 4.png; sourceTree = "<group>"; };
		D0AE7BD21B8577D9009E874D /* ScaleCollectionViewCell.h */ = {isa = PBXFileReference; fileEncoding = 4; lastKnownFileType = sourcecode.c.h; path = ScaleCollectionViewCell.h; sourceTree = "<group>"; };
		D0AE7BD31B8577D9009E874D /* ScaleCollectionViewCell.m */ = {isa = PBXFileReference; fileEncoding = 4; lastKnownFileType = sourcecode.c.objc; path = ScaleCollectionViewCell.m; sourceTree = "<group>"; };
		D0C142241B745D9B00CE998E /* PulsingRadarView.app */ = {isa = PBXFileReference; explicitFileType = wrapper.application; includeInIndex = 0; path = PulsingRadarView.app; sourceTree = BUILT_PRODUCTS_DIR; };
		D0C142281B745D9B00CE998E /* Info.plist */ = {isa = PBXFileReference; lastKnownFileType = text.plist.xml; path = Info.plist; sourceTree = "<group>"; };
		D0C142291B745D9B00CE998E /* main.m */ = {isa = PBXFileReference; lastKnownFileType = sourcecode.c.objc; path = main.m; sourceTree = "<group>"; };
		D0C1422B1B745D9B00CE998E /* AppDelegate.h */ = {isa = PBXFileReference; lastKnownFileType = sourcecode.c.h; path = AppDelegate.h; sourceTree = "<group>"; };
		D0C1422C1B745D9B00CE998E /* AppDelegate.m */ = {isa = PBXFileReference; lastKnownFileType = sourcecode.c.objc; path = AppDelegate.m; sourceTree = "<group>"; };
		D0C1422E1B745D9B00CE998E /* ViewController.h */ = {isa = PBXFileReference; lastKnownFileType = sourcecode.c.h; path = ViewController.h; sourceTree = "<group>"; };
		D0C1422F1B745D9B00CE998E /* ViewController.m */ = {isa = PBXFileReference; lastKnownFileType = sourcecode.c.objc; path = ViewController.m; sourceTree = "<group>"; };
		D0C142321B745D9B00CE998E /* Base */ = {isa = PBXFileReference; lastKnownFileType = file.storyboard; name = Base; path = Base.lproj/Main.storyboard; sourceTree = "<group>"; };
		D0C142341B745D9B00CE998E /* Images.xcassets */ = {isa = PBXFileReference; lastKnownFileType = folder.assetcatalog; path = Images.xcassets; sourceTree = "<group>"; };
		D0C142371B745D9B00CE998E /* Base */ = {isa = PBXFileReference; lastKnownFileType = file.xib; name = Base; path = Base.lproj/LaunchScreen.xib; sourceTree = "<group>"; };
		D0C1423D1B745D9B00CE998E /* PulsingRadarViewTests.xctest */ = {isa = PBXFileReference; explicitFileType = wrapper.cfbundle; includeInIndex = 0; path = PulsingRadarViewTests.xctest; sourceTree = BUILT_PRODUCTS_DIR; };
		D0C142421B745D9B00CE998E /* Info.plist */ = {isa = PBXFileReference; lastKnownFileType = text.plist.xml; path = Info.plist; sourceTree = "<group>"; };
		D0C142431B745D9B00CE998E /* PulsingRadarViewTests.m */ = {isa = PBXFileReference; lastKnownFileType = sourcecode.c.objc; path = PulsingRadarViewTests.m; sourceTree = "<group>"; };
		D0C1424D1B745DC400CE998E /* PulsingRadarView.h */ = {isa = PBXFileReference; fileEncoding = 4; lastKnownFileType = sourcecode.c.h; path = PulsingRadarView.h; sourceTree = "<group>"; };
		D0C1424E1B745DC400CE998E /* PulsingRadarView.m */ = {isa = PBXFileReference; fileEncoding = 4; lastKnownFileType = sourcecode.c.objc; path = PulsingRadarView.m; sourceTree = "<group>"; };
		D0C56CDD1B74924100140CE6 /* TableViewController.h */ = {isa = PBXFileReference; fileEncoding = 4; lastKnownFileType = sourcecode.c.h; path = TableViewController.h; sourceTree = "<group>"; };
		D0C56CDE1B74924100140CE6 /* TableViewController.m */ = {isa = PBXFileReference; fileEncoding = 4; lastKnownFileType = sourcecode.c.objc; path = TableViewController.m; sourceTree = "<group>"; };
		D0C56CE01B74951200140CE6 /* StickyHeaderView.h */ = {isa = PBXFileReference; fileEncoding = 4; lastKnownFileType = sourcecode.c.h; path = StickyHeaderView.h; sourceTree = "<group>"; };
		D0C56CE11B74951200140CE6 /* StickyHeaderView.m */ = {isa = PBXFileReference; fileEncoding = 4; lastKnownFileType = sourcecode.c.objc; path = StickyHeaderView.m; sourceTree = "<group>"; };
		D0C56CE31B749BD500140CE6 /* StretchableViewController.h */ = {isa = PBXFileReference; fileEncoding = 4; lastKnownFileType = sourcecode.c.h; path = StretchableViewController.h; sourceTree = "<group>"; };
		D0C56CE41B749BD500140CE6 /* StretchableViewController.m */ = {isa = PBXFileReference; fileEncoding = 4; lastKnownFileType = sourcecode.c.objc; path = StretchableViewController.m; sourceTree = "<group>"; };
		D0C56CE61B749FA400140CE6 /* CollectionViewController.h */ = {isa = PBXFileReference; fileEncoding = 4; lastKnownFileType = sourcecode.c.h; path = CollectionViewController.h; sourceTree = "<group>"; };
		D0C56CE71B749FA400140CE6 /* CollectionViewController.m */ = {isa = PBXFileReference; fileEncoding = 4; lastKnownFileType = sourcecode.c.objc; path = CollectionViewController.m; sourceTree = "<group>"; };
		D0C56CE91B74A0A700140CE6 /* SampleCell.h */ = {isa = PBXFileReference; fileEncoding = 4; lastKnownFileType = sourcecode.c.h; path = SampleCell.h; sourceTree = "<group>"; };
		D0C56CEA1B74A0A700140CE6 /* SampleCell.m */ = {isa = PBXFileReference; fileEncoding = 4; lastKnownFileType = sourcecode.c.objc; path = SampleCell.m; sourceTree = "<group>"; };
		D0C56CEC1B74A16900140CE6 /* FlowLayout.h */ = {isa = PBXFileReference; fileEncoding = 4; lastKnownFileType = sourcecode.c.h; path = FlowLayout.h; sourceTree = "<group>"; };
		D0C56CED1B74A16900140CE6 /* FlowLayout.m */ = {isa = PBXFileReference; fileEncoding = 4; lastKnownFileType = sourcecode.c.objc; path = FlowLayout.m; sourceTree = "<group>"; };
/* End PBXFileReference section */

/* Begin PBXFrameworksBuildPhase section */
		D0C142211B745D9B00CE998E /* Frameworks */ = {
			isa = PBXFrameworksBuildPhase;
			buildActionMask = 2147483647;
			files = (
			);
			runOnlyForDeploymentPostprocessing = 0;
		};
		D0C1423A1B745D9B00CE998E /* Frameworks */ = {
			isa = PBXFrameworksBuildPhase;
			buildActionMask = 2147483647;
			files = (
			);
			runOnlyForDeploymentPostprocessing = 0;
		};
/* End PBXFrameworksBuildPhase section */

/* Begin PBXGroup section */
		D0A42F561B9040AB001A5A61 /* 水波纹效果 */ = {
			isa = PBXGroup;
			children = (
				D0C1422E1B745D9B00CE998E /* ViewController.h */,
				D0C1422F1B745D9B00CE998E /* ViewController.m */,
				D0C1424D1B745DC400CE998E /* PulsingRadarView.h */,
				D0C1424E1B745DC400CE998E /* PulsingRadarView.m */,
			);
			name = "水波纹效果";
			sourceTree = "<group>";
		};
		D0A42F571B9040DE001A5A61 /* 头部伸缩视图 */ = {
			isa = PBXGroup;
			children = (
				D0C56CE01B74951200140CE6 /* StickyHeaderView.h */,
				D0C56CE11B74951200140CE6 /* StickyHeaderView.m */,
				D0C56CE31B749BD500140CE6 /* StretchableViewController.h */,
				D0C56CE41B749BD500140CE6 /* StretchableViewController.m */,
			);
			name = "头部伸缩视图";
			sourceTree = "<group>";
		};
		D0A42F581B9040F7001A5A61 /* CollectionViewScale */ = {
			isa = PBXGroup;
			children = (
				D0AE7BC11B85722C009E874D /* ScaleFlowLayout.h */,
				D0AE7BC21B85722C009E874D /* ScaleFlowLayout.m */,
				D0AE7BC41B857372009E874D /* CollectionScaleViewController.h */,
				D0AE7BC51B857372009E874D /* CollectionScaleViewController.m */,
				D0AE7BD21B8577D9009E874D /* ScaleCollectionViewCell.h */,
				D0AE7BD31B8577D9009E874D /* ScaleCollectionViewCell.m */,
			);
			name = CollectionViewScale;
			sourceTree = "<group>";
		};
		D0A42F591B904138001A5A61 /* 下拉刷新动画 */ = {
			isa = PBXGroup;
			children = (
				D0C56CE61B749FA400140CE6 /* CollectionViewController.h */,
				D0C56CE71B749FA400140CE6 /* CollectionViewController.m */,
				D0C56CE91B74A0A700140CE6 /* SampleCell.h */,
				D0C56CEA1B74A0A700140CE6 /* SampleCell.m */,
				D0C56CEC1B74A16900140CE6 /* FlowLayout.h */,
				D0C56CED1B74A16900140CE6 /* FlowLayout.m */,
			);
			name = "下拉刷新动画";
			sourceTree = "<group>";
		};
		D0A42F5A1B9041BC001A5A61 /* 星座转盘 */ = {
			isa = PBXGroup;
			children = (
				D0A42F611B904297001A5A61 /* image */,
				D0A42F5B1B904227001A5A61 /* XSTurntableController.h */,
				D0A42F5C1B904227001A5A61 /* XSTurntableController.m */,
				D0A42F5E1B90423D001A5A61 /* XSTurntableView.h */,
				D0A42F5F1B90423D001A5A61 /* XSTurntableView.m */,
				D0A42FD41B9042C0001A5A61 /* XSPlayAudio.h */,
				D0A42FD51B9042C0001A5A61 /* XSPlayAudio.m */,
			);
			name = "星座转盘";
			sourceTree = "<group>";
		};
		D0A42F611B904297001A5A61 /* image */ = {
			isa = PBXGroup;
			children = (
				D0A42F621B904297001A5A61 /* bg_cell_imageview.png */,
				D0A42F631B904297001A5A61 /* bg_cell_imageview@2x.png */,
				D0A42F641B904297001A5A61 /* bg_center.png */,
				D0A42F651B904297001A5A61 /* bg_center@2x.png */,
				D0A42F661B904297001A5A61 /* bg_circle.png */,
				D0A42F671B904297001A5A61 /* bg_circle@2x.png */,
				D0A42F681B904297001A5A61 /* bg_point.png */,
				D0A42F691B904297001A5A61 /* bg_point@2x.png */,
				D0A42F6A1B904297001A5A61 /* bt_1.png */,
				D0A42F6B1B904297001A5A61 /* bt_10.png */,
				D0A42F6C1B904297001A5A61 /* bt_10@2x.png */,
				D0A42F6D1B904297001A5A61 /* bt_11.png */,
				D0A42F6E1B904297001A5A61 /* bt_11@2x.png */,
				D0A42F6F1B904297001A5A61 /* bt_12.png */,
				D0A42F701B904297001A5A61 /* bt_12@2x.png */,
				D0A42F711B904297001A5A61 /* bt_1@2x.png */,
				D0A42F721B904297001A5A61 /* bt_2.png */,
				D0A42F731B904297001A5A61 /* bt_2@2x.png */,
				D0A42F741B904297001A5A61 /* bt_3.png */,
				D0A42F751B904297001A5A61 /* bt_3@2x.png */,
				D0A42F761B904297001A5A61 /* bt_4.png */,
				D0A42F771B904297001A5A61 /* bt_4@2x.png */,
				D0A42F781B904297001A5A61 /* bt_5.png */,
				D0A42F791B904297001A5A61 /* bt_5@2x.png */,
				D0A42F7A1B904297001A5A61 /* bt_6.png */,
				D0A42F7B1B904297001A5A61 /* bt_6@2x.png */,
				D0A42F7C1B904297001A5A61 /* bt_7.png */,
				D0A42F7D1B904297001A5A61 /* bt_7@2x.png */,
				D0A42F7E1B904297001A5A61 /* bt_8.png */,
				D0A42F7F1B904297001A5A61 /* bt_8@2x.png */,
				D0A42F801B904297001A5A61 /* bt_9.png */,
				D0A42F811B904297001A5A61 /* bt_9@2x.png */,
				D0A42F821B904297001A5A61 /* bt_selected_1.png */,
				D0A42F831B904297001A5A61 /* bt_selected_10.png */,
				D0A42F841B904297001A5A61 /* bt_selected_10@2x.png */,
				D0A42F851B904297001A5A61 /* bt_selected_11.png */,
				D0A42F861B904297001A5A61 /* bt_selected_11@2x.png */,
				D0A42F871B904297001A5A61 /* bt_selected_12.png */,
				D0A42F881B904297001A5A61 /* bt_selected_12@2x.png */,
				D0A42F891B904297001A5A61 /* bt_selected_1@2x.png */,
				D0A42F8A1B904297001A5A61 /* bt_selected_2.png */,
				D0A42F8B1B904297001A5A61 /* bt_selected_2@2x.png */,
				D0A42F8C1B904297001A5A61 /* bt_selected_3.png */,
				D0A42F8D1B904297001A5A61 /* bt_selected_3@2x.png */,
				D0A42F8E1B904297001A5A61 /* bt_selected_4.png */,
				D0A42F8F1B904297001A5A61 /* bt_selected_4@2x.png */,
				D0A42F901B904297001A5A61 /* bt_selected_5.png */,
				D0A42F911B904297001A5A61 /* bt_selected_5@2x.png */,
				D0A42F921B904297001A5A61 /* bt_selected_6.png */,
				D0A42F931B904297001A5A61 /* bt_selected_6@2x.png */,
				D0A42F941B904297001A5A61 /* bt_selected_7.png */,
				D0A42F951B904297001A5A61 /* bt_selected_7@2x.png */,
				D0A42F961B904297001A5A61 /* bt_selected_8.png */,
				D0A42F971B904297001A5A61 /* bt_selected_8@2x.png */,
				D0A42F981B904297001A5A61 /* bt_selected_9.png */,
				D0A42F991B904297001A5A61 /* bt_selected_9@2x.png */,
				D0A42F9A1B904297001A5A61 /* Tink.wav */,
			);
			path = image;
			sourceTree = "<group>";
		};
		D0AE7BC71B85761E009E874D /* resources */ = {
			isa = PBXGroup;
			children = (
				D0AE7BC81B85761E009E874D /* 0.png */,
				D0AE7BC91B85761E009E874D /* 1.png */,
				D0AE7BCA1B85761E009E874D /* 2.png */,
				D0AE7BCB1B85761E009E874D /* 3.png */,
				D0AE7BCC1B85761E009E874D /* 4.png */,
			);
			path = resources;
			sourceTree = "<group>";
		};
		D0C1421B1B745D9B00CE998E = {
			isa = PBXGroup;
			children = (
				D0C142261B745D9B00CE998E /* PulsingRadarView */,
				D0C142401B745D9B00CE998E /* PulsingRadarViewTests */,
				D0C142251B745D9B00CE998E /* Products */,
			);
			sourceTree = "<group>";
		};
		D0C142251B745D9B00CE998E /* Products */ = {
			isa = PBXGroup;
			children = (
				D0C142241B745D9B00CE998E /* PulsingRadarView.app */,
				D0C1423D1B745D9B00CE998E /* PulsingRadarViewTests.xctest */,
			);
			name = Products;
			sourceTree = "<group>";
		};
		D0C142261B745D9B00CE998E /* PulsingRadarView */ = {
			isa = PBXGroup;
			children = (
				D0A42F5A1B9041BC001A5A61 /* 星座转盘 */,
				D0A42F591B904138001A5A61 /* 下拉刷新动画 */,
				D0A42F581B9040F7001A5A61 /* CollectionViewScale */,
				D0A42F571B9040DE001A5A61 /* 头部伸缩视图 */,
				D0A42F561B9040AB001A5A61 /* 水波纹效果 */,
				D0C1422B1B745D9B00CE998E /* AppDelegate.h */,
				D0C1422C1B745D9B00CE998E /* AppDelegate.m */,
				D0C56CDD1B74924100140CE6 /* TableViewController.h */,
				D0C56CDE1B74924100140CE6 /* TableViewController.m */,
				D0C142311B745D9B00CE998E /* Main.storyboard */,
				D0C142341B745D9B00CE998E /* Images.xcassets */,
				D0C142361B745D9B00CE998E /* LaunchScreen.xib */,
				D0AE7BC71B85761E009E874D /* resources */,
				D0C142271B745D9B00CE998E /* Supporting Files */,
			);
			path = PulsingRadarView;
			sourceTree = "<group>";
		};
		D0C142271B745D9B00CE998E /* Supporting Files */ = {
			isa = PBXGroup;
			children = (
				D0C142281B745D9B00CE998E /* Info.plist */,
				D0C142291B745D9B00CE998E /* main.m */,
			);
			name = "Supporting Files";
			sourceTree = "<group>";
		};
		D0C142401B745D9B00CE998E /* PulsingRadarViewTests */ = {
			isa = PBXGroup;
			children = (
				D0C142431B745D9B00CE998E /* PulsingRadarViewTests.m */,
				D0C142411B745D9B00CE998E /* Supporting Files */,
			);
			path = PulsingRadarViewTests;
			sourceTree = "<group>";
		};
		D0C142411B745D9B00CE998E /* Supporting Files */ = {
			isa = PBXGroup;
			children = (
				D0C142421B745D9B00CE998E /* Info.plist */,
			);
			name = "Supporting Files";
			sourceTree = "<group>";
		};
/* End PBXGroup section */

/* Begin PBXNativeTarget section */
		D0C142231B745D9B00CE998E /* PulsingRadarView */ = {
			isa = PBXNativeTarget;
			buildConfigurationList = D0C142471B745D9B00CE998E /* Build configuration list for PBXNativeTarget "PulsingRadarView" */;
			buildPhases = (
				D0C142201B745D9B00CE998E /* Sources */,
				D0C142211B745D9B00CE998E /* Frameworks */,
				D0C142221B745D9B00CE998E /* Resources */,
			);
			buildRules = (
			);
			dependencies = (
			);
			name = PulsingRadarView;
			productName = PulsingRadarView;
			productReference = D0C142241B745D9B00CE998E /* PulsingRadarView.app */;
			productType = "com.apple.product-type.application";
		};
		D0C1423C1B745D9B00CE998E /* PulsingRadarViewTests */ = {
			isa = PBXNativeTarget;
			buildConfigurationList = D0C1424A1B745D9B00CE998E /* Build configuration list for PBXNativeTarget "PulsingRadarViewTests" */;
			buildPhases = (
				D0C142391B745D9B00CE998E /* Sources */,
				D0C1423A1B745D9B00CE998E /* Frameworks */,
				D0C1423B1B745D9B00CE998E /* Resources */,
			);
			buildRules = (
			);
			dependencies = (
				D0C1423F1B745D9B00CE998E /* PBXTargetDependency */,
			);
			name = PulsingRadarViewTests;
			productName = PulsingRadarViewTests;
			productReference = D0C1423D1B745D9B00CE998E /* PulsingRadarViewTests.xctest */;
			productType = "com.apple.product-type.bundle.unit-test";
		};
/* End PBXNativeTarget section */

/* Begin PBXProject section */
		D0C1421C1B745D9B00CE998E /* Project object */ = {
			isa = PBXProject;
			attributes = {
				LastUpgradeCheck = 0640;
				ORGANIZATIONNAME = jcliuzl;
				TargetAttributes = {
					D0C142231B745D9B00CE998E = {
						CreatedOnToolsVersion = 6.4;
					};
					D0C1423C1B745D9B00CE998E = {
						CreatedOnToolsVersion = 6.4;
						TestTargetID = D0C142231B745D9B00CE998E;
					};
				};
			};
			buildConfigurationList = D0C1421F1B745D9B00CE998E /* Build configuration list for PBXProject "PulsingRadarView" */;
			compatibilityVersion = "Xcode 3.2";
			developmentRegion = English;
			hasScannedForEncodings = 0;
			knownRegions = (
				en,
				Base,
			);
			mainGroup = D0C1421B1B745D9B00CE998E;
			productRefGroup = D0C142251B745D9B00CE998E /* Products */;
			projectDirPath = "";
			projectRoot = "";
			targets = (
				D0C142231B745D9B00CE998E /* PulsingRadarView */,
				D0C1423C1B745D9B00CE998E /* PulsingRadarViewTests */,
			);
		};
/* End PBXProject section */

/* Begin PBXResourcesBuildPhase section */
		D0C142221B745D9B00CE998E /* Resources */ = {
			isa = PBXResourcesBuildPhase;
			buildActionMask = 2147483647;
			files = (
				D0A42FAE1B904297001A5A61 /* bt_3@2x.png in Resources */,
				D0A42FD31B904297001A5A61 /* Tink.wav in Resources */,
				D0AE7BCF1B85761E009E874D /* 2.png in Resources */,
				D0A42FCC1B904297001A5A61 /* bt_selected_6@2x.png in Resources */,
				D0A42FC91B904297001A5A61 /* bt_selected_5.png in Resources */,
				D0A42FB31B904297001A5A61 /* bt_6.png in Resources */,
				D0AE7BCD1B85761E009E874D /* 0.png in Resources */,
				D0A42FC11B904297001A5A61 /* bt_selected_12@2x.png in Resources */,
				D0A42FD21B904297001A5A61 /* bt_selected_9@2x.png in Resources */,
				D0A42FBE1B904297001A5A61 /* bt_selected_11.png in Resources */,
				D0A42FB01B904297001A5A61 /* bt_4@2x.png in Resources */,
				D0A42FAD1B904297001A5A61 /* bt_3.png in Resources */,
				D0A42FB51B904297001A5A61 /* bt_7.png in Resources */,
				D0A42FB71B904297001A5A61 /* bt_8.png in Resources */,
				D0A42FB91B904297001A5A61 /* bt_9.png in Resources */,
				D0A42FA41B904297001A5A61 /* bt_10.png in Resources */,
				D0A42FB61B904297001A5A61 /* bt_7@2x.png in Resources */,
				D0A42F9E1B904297001A5A61 /* bg_center@2x.png in Resources */,
				D0A42F9D1B904297001A5A61 /* bg_center.png in Resources */,
				D0A42FC31B904297001A5A61 /* bt_selected_2.png in Resources */,
				D0A42FC21B904297001A5A61 /* bt_selected_1@2x.png in Resources */,
				D0C142331B745D9B00CE998E /* Main.storyboard in Resources */,
				D0A42FC41B904297001A5A61 /* bt_selected_2@2x.png in Resources */,
				D0A42FAA1B904297001A5A61 /* bt_1@2x.png in Resources */,
				D0A42FBB1B904297001A5A61 /* bt_selected_1.png in Resources */,
				D0A42FBD1B904297001A5A61 /* bt_selected_10@2x.png in Resources */,
				D0A42FD01B904297001A5A61 /* bt_selected_8@2x.png in Resources */,
				D0A42FA01B904297001A5A61 /* bg_circle@2x.png in Resources */,
				D0A42FC01B904297001A5A61 /* bt_selected_12.png in Resources */,
				D0A42FCB1B904297001A5A61 /* bt_selected_6.png in Resources */,
				D0C142381B745D9B00CE998E /* LaunchScreen.xib in Resources */,
				D0A42FB41B904297001A5A61 /* bt_6@2x.png in Resources */,
				D0A42FA81B904297001A5A61 /* bt_12.png in Resources */,
				D0A42FBF1B904297001A5A61 /* bt_selected_11@2x.png in Resources */,
				D0A42FA51B904297001A5A61 /* bt_10@2x.png in Resources */,
				D0A42FBC1B904297001A5A61 /* bt_selected_10.png in Resources */,
				D0A42FCD1B904297001A5A61 /* bt_selected_7.png in Resources */,
				D0A42F9B1B904297001A5A61 /* bg_cell_imageview.png in Resources */,
				D0AE7BD11B85761E009E874D /* 4.png in Resources */,
				D0A42FBA1B904297001A5A61 /* bt_9@2x.png in Resources */,
				D0A42FA71B904297001A5A61 /* bt_11@2x.png in Resources */,
				D0A42FA91B904297001A5A61 /* bt_12@2x.png in Resources */,
				D0A42FB21B904297001A5A61 /* bt_5@2x.png in Resources */,
				D0A42F9C1B904297001A5A61 /* bg_cell_imageview@2x.png in Resources */,
				D0A42FC61B904297001A5A61 /* bt_selected_3@2x.png in Resources */,
				D0A42FD11B904297001A5A61 /* bt_selected_9.png in Resources */,
				D0A42FC81B904297001A5A61 /* bt_selected_4@2x.png in Resources */,
				D0A42F9F1B904297001A5A61 /* bg_circle.png in Resources */,
				D0C142351B745D9B00CE998E /* Images.xcassets in Resources */,
				D0A42FB81B904297001A5A61 /* bt_8@2x.png in Resources */,
				D0A42FCA1B904297001A5A61 /* bt_selected_5@2x.png in Resources */,
				D0A42FA11B904297001A5A61 /* bg_point.png in Resources */,
				D0A42FB11B904297001A5A61 /* bt_5.png in Resources */,
				D0A42FA61B904297001A5A61 /* bt_11.png in Resources */,
				D0A42FC51B904297001A5A61 /* bt_selected_3.png in Resources */,
				D0A42FA31B904297001A5A61 /* bt_1.png in Resources */,
				D0A42FAB1B904297001A5A61 /* bt_2.png in Resources */,
				D0A42FCE1B904297001A5A61 /* bt_selected_7@2x.png in Resources */,
				D0AE7BD01B85761E009E874D /* 3.png in Resources */,
				D0A42FCF1B904297001A5A61 /* bt_selected_8.png in Resources */,
				D0A42FAF1B904297001A5A61 /* bt_4.png in Resources */,
				D0A42FAC1B904297001A5A61 /* bt_2@2x.png in Resources */,
				D0A42FC71B904297001A5A61 /* bt_selected_4.png in Resources */,
				D0A42FA21B904297001A5A61 /* bg_point@2x.png in Resources */,
				D0AE7BCE1B85761E009E874D /* 1.png in Resources */,
			);
			runOnlyForDeploymentPostprocessing = 0;
		};
		D0C1423B1B745D9B00CE998E /* Resources */ = {
			isa = PBXResourcesBuildPhase;
			buildActionMask = 2147483647;
			files = (
			);
			runOnlyForDeploymentPostprocessing = 0;
		};
/* End PBXResourcesBuildPhase section */

/* Begin PBXSourcesBuildPhase section */
		D0C142201B745D9B00CE998E /* Sources */ = {
			isa = PBXSourcesBuildPhase;
			buildActionMask = 2147483647;
			files = (
				D0C56CE81B749FA400140CE6 /* CollectionViewController.m in Sources */,
				D0C1424F1B745DC400CE998E /* PulsingRadarView.m in Sources */,
				D0A42F601B90423D001A5A61 /* XSTurntableView.m in Sources */,
				D0C142301B745D9B00CE998E /* ViewController.m in Sources */,
				D0C56CE51B749BD500140CE6 /* StretchableViewController.m in Sources */,
				D0C56CEB1B74A0A700140CE6 /* SampleCell.m in Sources */,
				D0AE7BD41B8577D9009E874D /* ScaleCollectionViewCell.m in Sources */,
				D0AE7BC61B857372009E874D /* CollectionScaleViewController.m in Sources */,
				D0C1422D1B745D9B00CE998E /* AppDelegate.m in Sources */,
				D0AE7BC31B85722C009E874D /* ScaleFlowLayout.m in Sources */,
				D0C56CDF1B74924100140CE6 /* TableViewController.m in Sources */,
				D0A42FD61B9042C0001A5A61 /* XSPlayAudio.m in Sources */,
				D0A42F5D1B904227001A5A61 /* XSTurntableController.m in Sources */,
				D0C56CEE1B74A16900140CE6 /* FlowLayout.m in Sources */,
				D0C56CE21B74951200140CE6 /* StickyHeaderView.m in Sources */,
				D0C1422A1B745D9B00CE998E /* main.m in Sources */,
			);
			runOnlyForDeploymentPostprocessing = 0;
		};
		D0C142391B745D9B00CE998E /* Sources */ = {
			isa = PBXSourcesBuildPhase;
			buildActionMask = 2147483647;
			files = (
				D0C142441B745D9B00CE998E /* PulsingRadarViewTests.m in Sources */,
			);
			runOnlyForDeploymentPostprocessing = 0;
		};
/* End PBXSourcesBuildPhase section */

/* Begin PBXTargetDependency section */
		D0C1423F1B745D9B00CE998E /* PBXTargetDependency */ = {
			isa = PBXTargetDependency;
			target = D0C142231B745D9B00CE998E /* PulsingRadarView */;
			targetProxy = D0C1423E1B745D9B00CE998E /* PBXContainerItemProxy */;
		};
/* End PBXTargetDependency section */

/* Begin PBXVariantGroup section */
		D0C142311B745D9B00CE998E /* Main.storyboard */ = {
			isa = PBXVariantGroup;
			children = (
				D0C142321B745D9B00CE998E /* Base */,
			);
			name = Main.storyboard;
			sourceTree = "<group>";
		};
		D0C142361B745D9B00CE998E /* LaunchScreen.xib */ = {
			isa = PBXVariantGroup;
			children = (
				D0C142371B745D9B00CE998E /* Base */,
			);
			name = LaunchScreen.xib;
			sourceTree = "<group>";
		};
/* End PBXVariantGroup section */

/* Begin XCBuildConfiguration section */
		D0C142451B745D9B00CE998E /* Debug */ = {
			isa = XCBuildConfiguration;
			buildSettings = {
				ALWAYS_SEARCH_USER_PATHS = NO;
				CLANG_CXX_LANGUAGE_STANDARD = "gnu++0x";
				CLANG_CXX_LIBRARY = "libc++";
				CLANG_ENABLE_MODULES = YES;
				CLANG_ENABLE_OBJC_ARC = YES;
				CLANG_WARN_BOOL_CONVERSION = YES;
				CLANG_WARN_CONSTANT_CONVERSION = YES;
				CLANG_WARN_DIRECT_OBJC_ISA_USAGE = YES_ERROR;
				CLANG_WARN_EMPTY_BODY = YES;
				CLANG_WARN_ENUM_CONVERSION = YES;
				CLANG_WARN_INT_CONVERSION = YES;
				CLANG_WARN_OBJC_ROOT_CLASS = YES_ERROR;
				CLANG_WARN_UNREACHABLE_CODE = YES;
				CLANG_WARN__DUPLICATE_METHOD_MATCH = YES;
				"CODE_SIGN_IDENTITY[sdk=iphoneos*]" = "iPhone Developer";
				COPY_PHASE_STRIP = NO;
				DEBUG_INFORMATION_FORMAT = "dwarf-with-dsym";
				ENABLE_STRICT_OBJC_MSGSEND = YES;
				GCC_C_LANGUAGE_STANDARD = gnu99;
				GCC_DYNAMIC_NO_PIC = NO;
				GCC_NO_COMMON_BLOCKS = YES;
				GCC_OPTIMIZATION_LEVEL = 0;
				GCC_PREPROCESSOR_DEFINITIONS = (
					"DEBUG=1",
					"$(inherited)",
				);
				GCC_SYMBOLS_PRIVATE_EXTERN = NO;
				GCC_WARN_64_TO_32_BIT_CONVERSION = YES;
				GCC_WARN_ABOUT_RETURN_TYPE = YES_ERROR;
				GCC_WARN_UNDECLARED_SELECTOR = YES;
				GCC_WARN_UNINITIALIZED_AUTOS = YES_AGGRESSIVE;
				GCC_WARN_UNUSED_FUNCTION = YES;
				GCC_WARN_UNUSED_VARIABLE = YES;
				IPHONEOS_DEPLOYMENT_TARGET = 8.4;
				MTL_ENABLE_DEBUG_INFO = YES;
				ONLY_ACTIVE_ARCH = YES;
				SDKROOT = iphoneos;
			};
			name = Debug;
		};
		D0C142461B745D9B00CE998E /* Release */ = {
			isa = XCBuildConfiguration;
			buildSettings = {
				ALWAYS_SEARCH_USER_PATHS = NO;
				CLANG_CXX_LANGUAGE_STANDARD = "gnu++0x";
				CLANG_CXX_LIBRARY = "libc++";
				CLANG_ENABLE_MODULES = YES;
				CLANG_ENABLE_OBJC_ARC = YES;
				CLANG_WARN_BOOL_CONVERSION = YES;
				CLANG_WARN_CONSTANT_CONVERSION = YES;
				CLANG_WARN_DIRECT_OBJC_ISA_USAGE = YES_ERROR;
				CLANG_WARN_EMPTY_BODY = YES;
				CLANG_WARN_ENUM_CONVERSION = YES;
				CLANG_WARN_INT_CONVERSION = YES;
				CLANG_WARN_OBJC_ROOT_CLASS = YES_ERROR;
				CLANG_WARN_UNREACHABLE_CODE = YES;
				CLANG_WARN__DUPLICATE_METHOD_MATCH = YES;
				"CODE_SIGN_IDENTITY[sdk=iphoneos*]" = "iPhone Developer";
				COPY_PHASE_STRIP = NO;
				DEBUG_INFORMATION_FORMAT = "dwarf-with-dsym";
				ENABLE_NS_ASSERTIONS = NO;
				ENABLE_STRICT_OBJC_MSGSEND = YES;
				GCC_C_LANGUAGE_STANDARD = gnu99;
				GCC_NO_COMMON_BLOCKS = YES;
				GCC_WARN_64_TO_32_BIT_CONVERSION = YES;
				GCC_WARN_ABOUT_RETURN_TYPE = YES_ERROR;
				GCC_WARN_UNDECLARED_SELECTOR = YES;
				GCC_WARN_UNINITIALIZED_AUTOS = YES_AGGRESSIVE;
				GCC_WARN_UNUSED_FUNCTION = YES;
				GCC_WARN_UNUSED_VARIABLE = YES;
				IPHONEOS_DEPLOYMENT_TARGET = 8.4;
				MTL_ENABLE_DEBUG_INFO = NO;
				SDKROOT = iphoneos;
				VALIDATE_PRODUCT = YES;
			};
			name = Release;
		};
		D0C142481B745D9B00CE998E /* Debug */ = {
			isa = XCBuildConfiguration;
			buildSettings = {
				ASSETCATALOG_COMPILER_APPICON_NAME = AppIcon;
				INFOPLIST_FILE = PulsingRadarView/Info.plist;
				LD_RUNPATH_SEARCH_PATHS = "$(inherited) @executable_path/Frameworks";
				PRODUCT_NAME = "$(TARGET_NAME)";
			};
			name = Debug;
		};
		D0C142491B745D9B00CE998E /* Release */ = {
			isa = XCBuildConfiguration;
			buildSettings = {
				ASSETCATALOG_COMPILER_APPICON_NAME = AppIcon;
				INFOPLIST_FILE = PulsingRadarView/Info.plist;
				LD_RUNPATH_SEARCH_PATHS = "$(inherited) @executable_path/Frameworks";
				PRODUCT_NAME = "$(TARGET_NAME)";
			};
			name = Release;
		};
		D0C1424B1B745D9B00CE998E /* Debug */ = {
			isa = XCBuildConfiguration;
			buildSettings = {
				BUNDLE_LOADER = "$(TEST_HOST)";
				FRAMEWORK_SEARCH_PATHS = (
					"$(SDKROOT)/Developer/Library/Frameworks",
					"$(inherited)",
				);
				GCC_PREPROCESSOR_DEFINITIONS = (
					"DEBUG=1",
					"$(inherited)",
				);
				INFOPLIST_FILE = PulsingRadarViewTests/Info.plist;
				LD_RUNPATH_SEARCH_PATHS = "$(inherited) @executable_path/Frameworks @loader_path/Frameworks";
				PRODUCT_NAME = "$(TARGET_NAME)";
				TEST_HOST = "$(BUILT_PRODUCTS_DIR)/PulsingRadarView.app/PulsingRadarView";
			};
			name = Debug;
		};
		D0C1424C1B745D9B00CE998E /* Release */ = {
			isa = XCBuildConfiguration;
			buildSettings = {
				BUNDLE_LOADER = "$(TEST_HOST)";
				FRAMEWORK_SEARCH_PATHS = (
					"$(SDKROOT)/Developer/Library/Frameworks",
					"$(inherited)",
				);
				INFOPLIST_FILE = PulsingRadarViewTests/Info.plist;
				LD_RUNPATH_SEARCH_PATHS = "$(inherited) @executable_path/Frameworks @loader_path/Frameworks";
				PRODUCT_NAME = "$(TARGET_NAME)";
				TEST_HOST = "$(BUILT_PRODUCTS_DIR)/PulsingRadarView.app/PulsingRadarView";
			};
			name = Release;
		};
/* End XCBuildConfiguration section */

/* Begin XCConfigurationList section */
		D0C1421F1B745D9B00CE998E /* Build configuration list for PBXProject "PulsingRadarView" */ = {
			isa = XCConfigurationList;
			buildConfigurations = (
				D0C142451B745D9B00CE998E /* Debug */,
				D0C142461B745D9B00CE998E /* Release */,
			);
			defaultConfigurationIsVisible = 0;
			defaultConfigurationName = Release;
		};
		D0C142471B745D9B00CE998E /* Build configuration list for PBXNativeTarget "PulsingRadarView" */ = {
			isa = XCConfigurationList;
			buildConfigurations = (
				D0C142481B745D9B00CE998E /* Debug */,
				D0C142491B745D9B00CE998E /* Release */,
			);
			defaultConfigurationIsVisible = 0;
			defaultConfigurationName = Release;
		};
		D0C1424A1B745D9B00CE998E /* Build configuration list for PBXNativeTarget "PulsingRadarViewTests" */ = {
			isa = XCConfigurationList;
			buildConfigurations = (
				D0C1424B1B745D9B00CE998E /* Debug */,
				D0C1424C1B745D9B00CE998E /* Release */,
			);
			defaultConfigurationIsVisible = 0;
			defaultConfigurationName = Release;
		};
/* End XCConfigurationList section */
	};
	rootObject = D0C1421C1B745D9B00CE998E /* Project object */;
}
